
Microsoft Visual Studio Solution File, Format Version 12.00
# Visual Studio Version 18
VisualStudioVersion = 18.1.11312.151
MinimumVisualStudioVersion = 10.0.40219.1
Project("{9A19103F-16F7-4668-BE54-9A1E7A4F7556}") = "OBJEditor", "OBJEditor\OBJEditor.csproj", "{982F6A65-F0D6-4AAE-8C13-03C2F8A36ABC}"
EndProject
Project("{9A19103F-16F7-4668-BE54-9A1E7A4F7556}") = "TenoriTool.Cli", "TenoriTool.Cli\TenoriTool.Cli.csproj", "{2081BDDC-A099-4408-82BA-2436F5860A4D}"
EndProject
Project("{9A19103F-16F7-4668-BE54-9A1E7A4F7556}") = "DatWorker", "DatWorker\DatWorker.csproj", "{38CF6DCE-4A7A-4DC5-9540-FD0B9E5ECC19}"
EndProject
Project("{9A19103F-16F7-4668-BE54-9A1E7A4F7556}") = "CppPorts", "CppPorts\CppPorts.csproj", "{9E7921CC-E516-492C-89E8-DA0655057BD6}"
EndProject
Project("{FAE04EC0-301F-11D3-BF4B-00C04F79EFBC}") = "RyuujiApi", "RyuujiApi\RyuujiApi.csproj", "{C871F9DE-17F4-4247-8FA1-15DAD77ACBC4}"
EndProject
Project("{FAE04EC0-301F-11D3-BF4B-00C04F79EFBC}") = "OreimoTranslateToolCLI", "OreimoTranslateToolCLI\OreimoTranslateToolCLI.csproj", "{48E4FD2D-00C5-4002-8073-5AB482D6B1D2}"
EndProject
Project("{FAE04EC0-301F-11D3-BF4B-00C04F79EFBC}") = "DatWorker.Cli", "DatWorker.Cli\DatWorker.Cli.csproj", "{242225A0-215A-488D-BE35-D17A29F828AE}"
EndProject
Project("{FAE04EC0-301F-11D3-BF4B-00C04F79EFBC}") = "TenoriTool", "TenoriTool\TenoriTool.csproj", "{FB7A41B4-63D6-47F7-B2BE-CF963B591670}"
EndProject
Project("{FAE04EC0-301F-11D3-BF4B-00C04F79EFBC}") = "MakeGpda.Cli", "MakeGpda.Cli\MakeGpda.Cli.csproj", "{0FA22746-1993-4FEE-AB89-87E68E94DC77}"
EndProject
Project("{FAE04EC0-301F-11D3-BF4B-00C04F79EFBC}") = "ModSeekmap.Cli", "ModSeekmap.Cli\ModSeekmap.Cli.csproj", "{C98DEF93-AD68-46FC-84D5-2F9AB5879CE3}"
EndProject
Project("{FAE04EC0-301F-11D3-BF4B-00C04F79EFBC}") = "OreimoTranslateToolAvalonia", "OreimoTranslateToolAvalonia\OreimoTranslateToolAvalonia.csproj", "{2DA57A62-375F-4D59-840C-D5F4335238A3}"
EndProject
Project("{FAE04EC0-301F-11D3-BF4B-00C04F79EFBC}") = "TranslateCLI", "TranslateCLI\TranslateCLI.csproj", "{6D74296E-EED7-4A23-8C4E-82516C7D8DC7}"
EndProject
Global
	GlobalSection(SolutionConfigurationPlatforms) = preSolution
		Debug|Any CPU = Debug|Any CPU
		Debug|x64 = Debug|x64
		Debug|x86 = Debug|x86
		DebugTests|Any CPU = DebugTests|Any CPU
		DebugTests|x64 = DebugTests|x64
		DebugTests|x86 = DebugTests|x86
		Release|Any CPU = Release|Any CPU
		Release|x64 = Release|x64
		Release|x86 = Release|x86
	EndGlobalSection
	GlobalSection(ProjectConfigurationPlatforms) = postSolution
		{982F6A65-F0D6-4AAE-8C13-03C2F8A36ABC}.Debug|Any CPU.ActiveCfg = Debug|Any CPU
		{982F6A65-F0D6-4AAE-8C13-03C2F8A36ABC}.Debug|Any CPU.Build.0 = Debug|Any CPU
		{982F6A65-F0D6-4AAE-8C13-03C2F8A36ABC}.Debug|x64.ActiveCfg = Debug|Any CPU
		{982F6A65-F0D6-4AAE-8C13-03C2F8A36ABC}.Debug|x64.Build.0 = Debug|Any CPU
		{982F6A65-F0D6-4AAE-8C13-03C2F8A36ABC}.Debug|x86.ActiveCfg = Debug|Any CPU
		{982F6A65-F0D6-4AAE-8C13-03C2F8A36ABC}.Debug|x86.Build.0 = Debug|Any CPU
		{982F6A65-F0D6-4AAE-8C13-03C2F8A36ABC}.DebugTests|Any CPU.ActiveCfg = Debug|Any CPU
		{982F6A65-F0D6-4AAE-8C13-03C2F8A36ABC}.DebugTests|Any CPU.Build.0 = Debug|Any CPU
		{982F6A65-F0D6-4AAE-8C13-03C2F8A36ABC}.DebugTests|x64.ActiveCfg = DebugTests|Any CPU
		{982F6A65-F0D6-4AAE-8C13-03C2F8A36ABC}.DebugTests|x64.Build.0 = DebugTests|Any CPU
		{982F6A65-F0D6-4AAE-8C13-03C2F8A36ABC}.DebugTests|x86.ActiveCfg = DebugTests|Any CPU
		{982F6A65-F0D6-4AAE-8C13-03C2F8A36ABC}.DebugTests|x86.Build.0 = DebugTests|Any CPU
		{982F6A65-F0D6-4AAE-8C13-03C2F8A36ABC}.Release|Any CPU.ActiveCfg = Release|Any CPU
		{982F6A65-F0D6-4AAE-8C13-03C2F8A36ABC}.Release|Any CPU.Build.0 = Release|Any CPU
		{982F6A65-F0D6-4AAE-8C13-03C2F8A36ABC}.Release|x64.ActiveCfg = Release|Any CPU
		{982F6A65-F0D6-4AAE-8C13-03C2F8A36ABC}.Release|x64.Build.0 = Release|Any CPU
		{982F6A65-F0D6-4AAE-8C13-03C2F8A36ABC}.Release|x86.ActiveCfg = Release|Any CPU
		{982F6A65-F0D6-4AAE-8C13-03C2F8A36ABC}.Release|x86.Build.0 = Release|Any CPU
		{2081BDDC-A099-4408-82BA-2436F5860A4D}.Debug|Any CPU.ActiveCfg = Debug|Any CPU
		{2081BDDC-A099-4408-82BA-2436F5860A4D}.Debug|Any CPU.Build.0 = Debug|Any CPU
		{2081BDDC-A099-4408-82BA-2436F5860A4D}.Debug|x64.ActiveCfg = Debug|Any CPU
		{2081BDDC-A099-4408-82BA-2436F5860A4D}.Debug|x64.Build.0 = Debug|Any CPU
		{2081BDDC-A099-4408-82BA-2436F5860A4D}.Debug|x86.ActiveCfg = Debug|Any CPU
		{2081BDDC-A099-4408-82BA-2436F5860A4D}.Debug|x86.Build.0 = Debug|Any CPU
		{2081BDDC-A099-4408-82BA-2436F5860A4D}.DebugTests|Any CPU.ActiveCfg = DebugTests|Any CPU
		{2081BDDC-A099-4408-82BA-2436F5860A4D}.DebugTests|Any CPU.Build.0 = DebugTests|Any CPU
		{2081BDDC-A099-4408-82BA-2436F5860A4D}.DebugTests|x64.ActiveCfg = DebugTests|Any CPU
		{2081BDDC-A099-4408-82BA-2436F5860A4D}.DebugTests|x64.Build.0 = DebugTests|Any CPU
		{2081BDDC-A099-4408-82BA-2436F5860A4D}.DebugTests|x86.ActiveCfg = DebugTests|Any CPU
		{2081BDDC-A099-4408-82BA-2436F5860A4D}.DebugTests|x86.Build.0 = DebugTests|Any CPU
		{2081BDDC-A099-4408-82BA-2436F5860A4D}.Release|Any CPU.ActiveCfg = Release|Any CPU
		{2081BDDC-A099-4408-82BA-2436F5860A4D}.Release|Any CPU.Build.0 = Release|Any CPU
		{2081BDDC-A099-4408-82BA-2436F5860A4D}.Release|x64.ActiveCfg = Release|Any CPU
		{2081BDDC-A099-4408-82BA-2436F5860A4D}.Release|x64.Build.0 = Release|Any CPU
		{2081BDDC-A099-4408-82BA-2436F5860A4D}.Release|x86.ActiveCfg = Release|Any CPU
		{2081BDDC-A099-4408-82BA-2436F5860A4D}.Release|x86.Build.0 = Release|Any CPU
		{38CF6DCE-4A7A-4DC5-9540-FD0B9E5ECC19}.Debug|Any CPU.ActiveCfg = Debug|Any CPU
		{38CF6DCE-4A7A-4DC5-9540-FD0B9E5ECC19}.Debug|Any CPU.Build.0 = Debug|Any CPU
		{38CF6DCE-4A7A-4DC5-9540-FD0B9E5ECC19}.Debug|x64.ActiveCfg = Debug|Any CPU
		{38CF6DCE-4A7A-4DC5-9540-FD0B9E5ECC19}.Debug|x64.Build.0 = Debug|Any CPU
		{38CF6DCE-4A7A-4DC5-9540-FD0B9E5ECC19}.Debug|x86.ActiveCfg = Debug|Any CPU
		{38CF6DCE-4A7A-4DC5-9540-FD0B9E5ECC19}.Debug|x86.Build.0 = Debug|Any CPU
		{38CF6DCE-4A7A-4DC5-9540-FD0B9E5ECC19}.DebugTests|Any CPU.ActiveCfg = Debug|Any CPU
		{38CF6DCE-4A7A-4DC5-9540-FD0B9E5ECC19}.DebugTests|Any CPU.Build.0 = Debug|Any CPU
		{38CF6DCE-4A7A-4DC5-9540-FD0B9E5ECC19}.DebugTests|x64.ActiveCfg = DebugTests|Any CPU
		{38CF6DCE-4A7A-4DC5-9540-FD0B9E5ECC19}.DebugTests|x64.Build.0 = DebugTests|Any CPU
		{38CF6DCE-4A7A-4DC5-9540-FD0B9E5ECC19}.DebugTests|x86.ActiveCfg = DebugTests|Any CPU
		{38CF6DCE-4A7A-4DC5-9540-FD0B9E5ECC19}.DebugTests|x86.Build.0 = DebugTests|Any CPU
		{38CF6DCE-4A7A-4DC5-9540-FD0B9E5ECC19}.Release|Any CPU.ActiveCfg = Release|Any CPU
		{38CF6DCE-4A7A-4DC5-9540-FD0B9E5ECC19}.Release|Any CPU.Build.0 = Release|Any CPU
		{38CF6DCE-4A7A-4DC5-9540-FD0B9E5ECC19}.Release|x64.ActiveCfg = Release|Any CPU
		{38CF6DCE-4A7A-4DC5-9540-FD0B9E5ECC19}.Release|x64.Build.0 = Release|Any CPU
		{38CF6DCE-4A7A-4DC5-9540-FD0B9E5ECC19}.Release|x86.ActiveCfg = Release|Any CPU
		{38CF6DCE-4A7A-4DC5-9540-FD0B9E5ECC19}.Release|x86.Build.0 = Release|Any CPU
		{9E7921CC-E516-492C-89E8-DA0655057BD6}.Debug|Any CPU.ActiveCfg = Debug|Any CPU
		{9E7921CC-E516-492C-89E8-DA0655057BD6}.Debug|Any CPU.Build.0 = Debug|Any CPU
		{9E7921CC-E516-492C-89E8-DA0655057BD6}.Debug|x64.ActiveCfg = Debug|Any CPU
		{9E7921CC-E516-492C-89E8-DA0655057BD6}.Debug|x64.Build.0 = Debug|Any CPU
		{9E7921CC-E516-492C-89E8-DA0655057BD6}.Debug|x86.ActiveCfg = Debug|Any CPU
		{9E7921CC-E516-492C-89E8-DA0655057BD6}.Debug|x86.Build.0 = Debug|Any CPU
		{9E7921CC-E516-492C-89E8-DA0655057BD6}.DebugTests|Any CPU.ActiveCfg = Debug|Any CPU
		{9E7921CC-E516-492C-89E8-DA0655057BD6}.DebugTests|Any CPU.Build.0 = Debug|Any CPU
		{9E7921CC-E516-492C-89E8-DA0655057BD6}.DebugTests|x64.ActiveCfg = DebugTests|Any CPU
		{9E7921CC-E516-492C-89E8-DA0655057BD6}.DebugTests|x64.Build.0 = DebugTests|Any CPU
		{9E7921CC-E516-492C-89E8-DA0655057BD6}.DebugTests|x86.ActiveCfg = DebugTests|Any CPU
		{9E7921CC-E516-492C-89E8-DA0655057BD6}.DebugTests|x86.Build.0 = DebugTests|Any CPU
		{9E7921CC-E516-492C-89E8-DA0655057BD6}.Release|Any CPU.ActiveCfg = Release|Any CPU
		{9E7921CC-E516-492C-89E8-DA0655057BD6}.Release|Any CPU.Build.0 = Release|Any CPU
		{9E7921CC-E516-492C-89E8-DA0655057BD6}.Release|x64.ActiveCfg = Release|Any CPU
		{9E7921CC-E516-492C-89E8-DA0655057BD6}.Release|x64.Build.0 = Release|Any CPU
		{9E7921CC-E516-492C-89E8-DA0655057BD6}.Release|x86.ActiveCfg = Release|Any CPU
		{9E7921CC-E516-492C-89E8-DA0655057BD6}.Release|x86.Build.0 = Release|Any CPU
		{C871F9DE-17F4-4247-8FA1-15DAD77ACBC4}.Debug|Any CPU.ActiveCfg = Debug|Any CPU
		{C871F9DE-17F4-4247-8FA1-15DAD77ACBC4}.Debug|Any CPU.Build.0 = Debug|Any CPU
		{C871F9DE-17F4-4247-8FA1-15DAD77ACBC4}.Debug|x64.ActiveCfg = Debug|Any CPU
		{C871F9DE-17F4-4247-8FA1-15DAD77ACBC4}.Debug|x64.Build.0 = Debug|Any CPU
		{C871F9DE-17F4-4247-8FA1-15DAD77ACBC4}.Debug|x86.ActiveCfg = Debug|Any CPU
		{C871F9DE-17F4-4247-8FA1-15DAD77ACBC4}.Debug|x86.Build.0 = Debug|Any CPU
		{C871F9DE-17F4-4247-8FA1-15DAD77ACBC4}.DebugTests|Any CPU.ActiveCfg = Debug|Any CPU
		{C871F9DE-17F4-4247-8FA1-15DAD77ACBC4}.DebugTests|Any CPU.Build.0 = Debug|Any CPU
		{C871F9DE-17F4-4247-8FA1-15DAD77ACBC4}.DebugTests|x64.ActiveCfg = Debug|Any CPU
		{C871F9DE-17F4-4247-8FA1-15DAD77ACBC4}.DebugTests|x64.Build.0 = Debug|Any CPU
		{C871F9DE-17F4-4247-8FA1-15DAD77ACBC4}.DebugTests|x86.ActiveCfg = Debug|Any CPU
		{C871F9DE-17F4-4247-8FA1-15DAD77ACBC4}.DebugTests|x86.Build.0 = Debug|Any CPU
		{C871F9DE-17F4-4247-8FA1-15DAD77ACBC4}.Release|Any CPU.ActiveCfg = Release|Any CPU
		{C871F9DE-17F4-4247-8FA1-15DAD77ACBC4}.Release|Any CPU.Build.0 = Release|Any CPU
		{C871F9DE-17F4-4247-8FA1-15DAD77ACBC4}.Release|x64.ActiveCfg = Release|Any CPU
		{C871F9DE-17F4-4247-8FA1-15DAD77ACBC4}.Release|x64.Build.0 = Release|Any CPU
		{C871F9DE-17F4-4247-8FA1-15DAD77ACBC4}.Release|x86.ActiveCfg = Release|Any CPU
		{C871F9DE-17F4-4247-8FA1-15DAD77ACBC4}.Release|x86.Build.0 = Release|Any CPU
		{48E4FD2D-00C5-4002-8073-5AB482D6B1D2}.Debug|Any CPU.ActiveCfg = Debug|Any CPU
		{48E4FD2D-00C5-4002-8073-5AB482D6B1D2}.Debug|Any CPU.Build.0 = Debug|Any CPU
		{48E4FD2D-00C5-4002-8073-5AB482D6B1D2}.Debug|x64.ActiveCfg = Debug|Any CPU
		{48E4FD2D-00C5-4002-8073-5AB482D6B1D2}.Debug|x64.Build.0 = Debug|Any CPU
		{48E4FD2D-00C5-4002-8073-5AB482D6B1D2}.Debug|x86.ActiveCfg = Debug|Any CPU
		{48E4FD2D-00C5-4002-8073-5AB482D6B1D2}.Debug|x86.Build.0 = Debug|Any CPU
		{48E4FD2D-00C5-4002-8073-5AB482D6B1D2}.DebugTests|Any CPU.ActiveCfg = Debug|Any CPU
		{48E4FD2D-00C5-4002-8073-5AB482D6B1D2}.DebugTests|Any CPU.Build.0 = Debug|Any CPU
		{48E4FD2D-00C5-4002-8073-5AB482D6B1D2}.DebugTests|x64.ActiveCfg = Debug|Any CPU
		{48E4FD2D-00C5-4002-8073-5AB482D6B1D2}.DebugTests|x64.Build.0 = Debug|Any CPU
		{48E4FD2D-00C5-4002-8073-5AB482D6B1D2}.DebugTests|x86.ActiveCfg = Debug|Any CPU
		{48E4FD2D-00C5-4002-8073-5AB482D6B1D2}.DebugTests|x86.Build.0 = Debug|Any CPU
		{48E4FD2D-00C5-4002-8073-5AB482D6B1D2}.Release|Any CPU.ActiveCfg = Release|Any CPU
		{48E4FD2D-00C5-4002-8073-5AB482D6B1D2}.Release|Any CPU.Build.0 = Release|Any CPU
		{48E4FD2D-00C5-4002-8073-5AB482D6B1D2}.Release|x64.ActiveCfg = Release|Any CPU
		{48E4FD2D-00C5-4002-8073-5AB482D6B1D2}.Release|x64.Build.0 = Release|Any CPU
		{48E4FD2D-00C5-4002-8073-5AB482D6B1D2}.Release|x86.ActiveCfg = Release|Any CPU
		{48E4FD2D-00C5-4002-8073-5AB482D6B1D2}.Release|x86.Build.0 = Release|Any CPU
		{242225A0-215A-488D-BE35-D17A29F828AE}.Debug|Any CPU.ActiveCfg = Debug|Any CPU
		{242225A0-215A-488D-BE35-D17A29F828AE}.Debug|Any CPU.Build.0 = Debug|Any CPU
		{242225A0-215A-488D-BE35-D17A29F828AE}.Debug|x64.ActiveCfg = Debug|Any CPU
		{242225A0-215A-488D-BE35-D17A29F828AE}.Debug|x64.Build.0 = Debug|Any CPU
		{242225A0-215A-488D-BE35-D17A29F828AE}.Debug|x86.ActiveCfg = Debug|Any CPU
		{242225A0-215A-488D-BE35-D17A29F828AE}.Debug|x86.Build.0 = Debug|Any CPU
		{242225A0-215A-488D-BE35-D17A29F828AE}.DebugTests|Any CPU.ActiveCfg = Debug|Any CPU
		{242225A0-215A-488D-BE35-D17A29F828AE}.DebugTests|Any CPU.Build.0 = Debug|Any CPU
		{242225A0-215A-488D-BE35-D17A29F828AE}.DebugTests|x64.ActiveCfg = Debug|Any CPU
		{242225A0-215A-488D-BE35-D17A29F828AE}.DebugTests|x64.Build.0 = Debug|Any CPU
		{242225A0-215A-488D-BE35-D17A29F828AE}.DebugTests|x86.ActiveCfg = Debug|Any CPU
		{242225A0-215A-488D-BE35-D17A29F828AE}.DebugTests|x86.Build.0 = Debug|Any CPU
		{242225A0-215A-488D-BE35-D17A29F828AE}.Release|Any CPU.ActiveCfg = Release|Any CPU
		{242225A0-215A-488D-BE35-D17A29F828AE}.Release|Any CPU.Build.0 = Release|Any CPU
		{242225A0-215A-488D-BE35-D17A29F828AE}.Release|x64.ActiveCfg = Release|Any CPU
		{242225A0-215A-488D-BE35-D17A29F828AE}.Release|x64.Build.0 = Release|Any CPU
		{242225A0-215A-488D-BE35-D17A29F828AE}.Release|x86.ActiveCfg = Release|Any CPU
		{242225A0-215A-488D-BE35-D17A29F828AE}.Release|x86.Build.0 = Release|Any CPU
		{FB7A41B4-63D6-47F7-B2BE-CF963B591670}.Debug|Any CPU.ActiveCfg = Debug|Any CPU
		{FB7A41B4-63D6-47F7-B2BE-CF963B591670}.Debug|Any CPU.Build.0 = Debug|Any CPU
		{FB7A41B4-63D6-47F7-B2BE-CF963B591670}.Debug|x64.ActiveCfg = Debug|Any CPU
		{FB7A41B4-63D6-47F7-B2BE-CF963B591670}.Debug|x64.Build.0 = Debug|Any CPU
		{FB7A41B4-63D6-47F7-B2BE-CF963B591670}.Debug|x86.ActiveCfg = Debug|Any CPU
		{FB7A41B4-63D6-47F7-B2BE-CF963B591670}.Debug|x86.Build.0 = Debug|Any CPU
		{FB7A41B4-63D6-47F7-B2BE-CF963B591670}.DebugTests|Any CPU.ActiveCfg = Debug|Any CPU
		{FB7A41B4-63D6-47F7-B2BE-CF963B591670}.DebugTests|Any CPU.Build.0 = Debug|Any CPU
		{FB7A41B4-63D6-47F7-B2BE-CF963B591670}.DebugTests|x64.ActiveCfg = Debug|Any CPU
		{FB7A41B4-63D6-47F7-B2BE-CF963B591670}.DebugTests|x64.Build.0 = Debug|Any CPU
		{FB7A41B4-63D6-47F7-B2BE-CF963B591670}.DebugTests|x86.ActiveCfg = Debug|Any CPU
		{FB7A41B4-63D6-47F7-B2BE-CF963B591670}.DebugTests|x86.Build.0 = Debug|Any CPU
		{FB7A41B4-63D6-47F7-B2BE-CF963B591670}.Release|Any CPU.ActiveCfg = Release|Any CPU
		{FB7A41B4-63D6-47F7-B2BE-CF963B591670}.Release|Any CPU.Build.0 = Release|Any CPU
		{FB7A41B4-63D6-47F7-B2BE-CF963B591670}.Release|x64.ActiveCfg = Release|Any CPU
		{FB7A41B4-63D6-47F7-B2BE-CF963B591670}.Release|x64.Build.0 = Release|Any CPU
		{FB7A41B4-63D6-47F7-B2BE-CF963B591670}.Release|x86.ActiveCfg = Release|Any CPU
		{FB7A41B4-63D6-47F7-B2BE-CF963B591670}.Release|x86.Build.0 = Release|Any CPU
		{0FA22746-1993-4FEE-AB89-87E68E94DC77}.Debug|Any CPU.ActiveCfg = Debug|Any CPU
		{0FA22746-1993-4FEE-AB89-87E68E94DC77}.Debug|Any CPU.Build.0 = Debug|Any CPU
		{0FA22746-1993-4FEE-AB89-87E68E94DC77}.Debug|x64.ActiveCfg = Debug|Any CPU
		{0FA22746-1993-4FEE-AB89-87E68E94DC77}.Debug|x64.Build.0 = Debug|Any CPU
		{0FA22746-1993-4FEE-AB89-87E68E94DC77}.Debug|x86.ActiveCfg = Debug|Any CPU
		{0FA22746-1993-4FEE-AB89-87E68E94DC77}.Debug|x86.Build.0 = Debug|Any CPU
		{0FA22746-1993-4FEE-AB89-87E68E94DC77}.DebugTests|Any CPU.ActiveCfg = Debug|Any CPU
		{0FA22746-1993-4FEE-AB89-87E68E94DC77}.DebugTests|Any CPU.Build.0 = Debug|Any CPU
		{0FA22746-1993-4FEE-AB89-87E68E94DC77}.DebugTests|x64.ActiveCfg = Debug|Any CPU
		{0FA22746-1993-4FEE-AB89-87E68E94DC77}.DebugTests|x64.Build.0 = Debug|Any CPU
		{0FA22746-1993-4FEE-AB89-87E68E94DC77}.DebugTests|x86.ActiveCfg = Debug|Any CPU
		{0FA22746-1993-4FEE-AB89-87E68E94DC77}.DebugTests|x86.Build.0 = Debug|Any CPU
		{0FA22746-1993-4FEE-AB89-87E68E94DC77}.Release|Any CPU.ActiveCfg = Release|Any CPU
		{0FA22746-1993-4FEE-AB89-87E68E94DC77}.Release|Any CPU.Build.0 = Release|Any CPU
		{0FA22746-1993-4FEE-AB89-87E68E94DC77}.Release|x64.ActiveCfg = Release|Any CPU
		{0FA22746-1993-4FEE-AB89-87E68E94DC77}.Release|x64.Build.0 = Release|Any CPU
		{0FA22746-1993-4FEE-AB89-87E68E94DC77}.Release|x86.ActiveCfg = Release|Any CPU
		{0FA22746-1993-4FEE-AB89-87E68E94DC77}.Release|x86.Build.0 = Release|Any CPU
		{C98DEF93-AD68-46FC-84D5-2F9AB5879CE3}.Debug|Any CPU.ActiveCfg = Debug|Any CPU
		{C98DEF93-AD68-46FC-84D5-2F9AB5879CE3}.Debug|Any CPU.Build.0 = Debug|Any CPU
		{C98DEF93-AD68-46FC-84D5-2F9AB5879CE3}.Debug|x64.ActiveCfg = Debug|Any CPU
		{C98DEF93-AD68-46FC-84D5-2F9AB5879CE3}.Debug|x64.Build.0 = Debug|Any CPU
		{C98DEF93-AD68-46FC-84D5-2F9AB5879CE3}.Debug|x86.ActiveCfg = Debug|Any CPU
		{C98DEF93-AD68-46FC-84D5-2F9AB5879CE3}.Debug|x86.Build.0 = Debug|Any CPU
		{C98DEF93-AD68-46FC-84D5-2F9AB5879CE3}.DebugTests|Any CPU.ActiveCfg = Debug|Any CPU
		{C98DEF93-AD68-46FC-84D5-2F9AB5879CE3}.DebugTests|Any CPU.Build.0 = Debug|Any CPU
		{C98DEF93-AD68-46FC-84D5-2F9AB5879CE3}.DebugTests|x64.ActiveCfg = Debug|Any CPU
		{C98DEF93-AD68-46FC-84D5-2F9AB5879CE3}.DebugTests|x64.Build.0 = Debug|Any CPU
		{C98DEF93-AD68-46FC-84D5-2F9AB5879CE3}.DebugTests|x86.ActiveCfg = Debug|Any CPU
		{C98DEF93-AD68-46FC-84D5-2F9AB5879CE3}.DebugTests|x86.Build.0 = Debug|Any CPU
		{C98DEF93-AD68-46FC-84D5-2F9AB5879CE3}.Release|Any CPU.ActiveCfg = Release|Any CPU
		{C98DEF93-AD68-46FC-84D5-2F9AB5879CE3}.Release|Any CPU.Build.0 = Release|Any CPU
		{C98DEF93-AD68-46FC-84D5-2F9AB5879CE3}.Release|x64.ActiveCfg = Release|Any CPU
		{C98DEF93-AD68-46FC-84D5-2F9AB5879CE3}.Release|x64.Build.0 = Release|Any CPU
		{C98DEF93-AD68-46FC-84D5-2F9AB5879CE3}.Release|x86.ActiveCfg = Release|Any CPU
		{C98DEF93-AD68-46FC-84D5-2F9AB5879CE3}.Release|x86.Build.0 = Release|Any CPU
		{2DA57A62-375F-4D59-840C-D5F4335238A3}.Debug|Any CPU.ActiveCfg = Debug|Any CPU
		{2DA57A62-375F-4D59-840C-D5F4335238A3}.Debug|Any CPU.Build.0 = Debug|Any CPU
		{2DA57A62-375F-4D59-840C-D5F4335238A3}.Debug|x64.ActiveCfg = Debug|Any CPU
		{2DA57A62-375F-4D59-840C-D5F4335238A3}.Debug|x64.Build.0 = Debug|Any CPU
		{2DA57A62-375F-4D59-840C-D5F4335238A3}.Debug|x86.ActiveCfg = Debug|Any CPU
		{2DA57A62-375F-4D59-840C-D5F4335238A3}.Debug|x86.Build.0 = Debug|Any CPU
		{2DA57A62-375F-4D59-840C-D5F4335238A3}.DebugTests|Any CPU.ActiveCfg = Debug|Any CPU
		{2DA57A62-375F-4D59-840C-D5F4335238A3}.DebugTests|Any CPU.Build.0 = Debug|Any CPU
		{2DA57A62-375F-4D59-840C-D5F4335238A3}.DebugTests|x64.ActiveCfg = Debug|Any CPU
		{2DA57A62-375F-4D59-840C-D5F4335238A3}.DebugTests|x64.Build.0 = Debug|Any CPU
		{2DA57A62-375F-4D59-840C-D5F4335238A3}.DebugTests|x86.ActiveCfg = Debug|Any CPU
		{2DA57A62-375F-4D59-840C-D5F4335238A3}.DebugTests|x86.Build.0 = Debug|Any CPU
		{2DA57A62-375F-4D59-840C-D5F4335238A3}.Release|Any CPU.ActiveCfg = Release|Any CPU
		{2DA57A62-375F-4D59-840C-D5F4335238A3}.Release|Any CPU.Build.0 = Release|Any CPU
		{2DA57A62-375F-4D59-840C-D5F4335238A3}.Release|x64.ActiveCfg = Release|Any CPU
		{2DA57A62-375F-4D59-840C-D5F4335238A3}.Release|x64.Build.0 = Release|Any CPU
		{2DA57A62-375F-4D59-840C-D5F4335238A3}.Release|x86.ActiveCfg = Release|Any CPU
		{2DA57A62-375F-4D59-840C-D5F4335238A3}.Release|x86.Build.0 = Release|Any CPU
		{6D74296E-EED7-4A23-8C4E-82516C7D8DC7}.Debug|Any CPU.ActiveCfg = Debug|Any CPU
		{6D74296E-EED7-4A23-8C4E-82516C7D8DC7}.Debug|Any CPU.Build.0 = Debug|Any CPU
		{6D74296E-EED7-4A23-8C4E-82516C7D8DC7}.Debug|x64.ActiveCfg = Debug|Any CPU
		{6D74296E-EED7-4A23-8C4E-82516C7D8DC7}.Debug|x64.Build.0 = Debug|Any CPU
		{6D74296E-EED7-4A23-8C4E-82516C7D8DC7}.Debug|x86.ActiveCfg = Debug|Any CPU
		{6D74296E-EED7-4A23-8C4E-82516C7D8DC7}.Debug|x86.Build.0 = Debug|Any CPU
		{6D74296E-EED7-4A23-8C4E-82516C7D8DC7}.DebugTests|Any CPU.ActiveCfg = Debug|Any CPU
		{6D74296E-EED7-4A23-8C4E-82516C7D8DC7}.DebugTests|Any CPU.Build.0 = Debug|Any CPU
		{6D74296E-EED7-4A23-8C4E-82516C7D8DC7}.DebugTests|x64.ActiveCfg = Debug|Any CPU
		{6D74296E-EED7-4A23-8C4E-82516C7D8DC7}.DebugTests|x64.Build.0 = Debug|Any CPU
		{6D74296E-EED7-4A23-8C4E-82516C7D8DC7}.DebugTests|x86.ActiveCfg = Debug|Any CPU
		{6D74296E-EED7-4A23-8C4E-82516C7D8DC7}.DebugTests|x86.Build.0 = Debug|Any CPU
		{6D74296E-EED7-4A23-8C4E-82516C7D8DC7}.Release|Any CPU.ActiveCfg = Release|Any CPU
		{6D74296E-EED7-4A23-8C4E-82516C7D8DC7}.Release|Any CPU.Build.0 = Release|Any CPU
		{6D74296E-EED7-4A23-8C4E-82516C7D8DC7}.Release|x64.ActiveCfg = Release|Any CPU
		{6D74296E-EED7-4A23-8C4E-82516C7D8DC7}.Release|x64.Build.0 = Release|Any CPU
		{6D74296E-EED7-4A23-8C4E-82516C7D8DC7}.Release|x86.ActiveCfg = Release|Any CPU
		{6D74296E-EED7-4A23-8C4E-82516C7D8DC7}.Release|x86.Build.0 = Release|Any CPU
	EndGlobalSection
	GlobalSection(SolutionProperties) = preSolution
		HideSolutionNode = FALSE
	EndGlobalSection
	GlobalSection(ExtensibilityGlobals) = postSolution
		SolutionGuid = {EEDD4B21-1110-4ABA-85CD-9469336CDC2D}
	EndGlobalSection
EndGlobal
